
Microsoft Visual Studio Solution File, Format Version 12.00
# Visual Studio Version 16
VisualStudioVersion = 16.0.30114.105
MinimumVisualStudioVersion = 10.0.40219.1
Project("{FAE04EC0-301F-11D3-BF4B-00C04F79EFBC}") = "RK_HeroesAndVilains", "RK_HeroesAndVilains.csproj", "{C8609DC8-340B-4EAA-BF1E-363D52275F86}"
EndProject
Global
	GlobalSection(SolutionConfigurationPlatforms) = preSolution
		Debug|Any CPU = Debug|Any CPU
		Release|Any CPU = Release|Any CPU
	EndGlobalSection
	GlobalSection(ProjectConfigurationPlatforms) = postSolution
		{C8609DC8-340B-4EAA-BF1E-363D52275F86}.Debug|Any CPU.ActiveCfg = Debug|Any CPU
		{C8609DC8-340B-4EAA-BF1E-363D52275F86}.Debug|Any CPU.Build.0 = Debug|Any CPU
		{C8609DC8-340B-4EAA-BF1E-363D52275F86}.Release|Any CPU.ActiveCfg = Release|Any CPU
		{C8609DC8-340B-4EAA-BF1E-363D52275F86}.Release|Any CPU.Build.0 = Release|Any CPU
	EndGlobalSection
	GlobalSection(SolutionProperties) = preSolution
		HideSolutionNode = FALSE
	EndGlobalSection
	GlobalSection(ExtensibilityGlobals) = postSolution
		SolutionGuid = {75C2B965-F9ED-49A0-8307-812F020C04CD}
	EndGlobalSection
EndGlobal
